
Microsoft Visual Studio Solution File, Format Version 12.00
# Visual Studio Version 16
VisualStudioVersion = 16.0.30523.141
MinimumVisualStudioVersion = 10.0.40219.1
Project("{FAE04EC0-301F-11D3-BF4B-00C04F79EFBC}") = "IncidentCaptureImageStorage", "IncidentCaptureImageStorage\IncidentCaptureImageStorage.csproj", "{AD487575-E33D-4A71-854F-7F59A40120CE}"
EndProject
Global
	GlobalSection(SolutionConfigurationPlatforms) = preSolution
		Debug|Any CPU = Debug|Any CPU
		Release|Any CPU = Release|Any CPU
	EndGlobalSection
	GlobalSection(ProjectConfigurationPlatforms) = postSolution
		{AD487575-E33D-4A71-854F-7F59A40120CE}.Debug|Any CPU.ActiveCfg = Debug|Any CPU
		{AD487575-E33D-4A71-854F-7F59A40120CE}.Debug|Any CPU.Build.0 = Debug|Any CPU
		{AD487575-E33D-4A71-854F-7F59A40120CE}.Release|Any CPU.ActiveCfg = Release|Any CPU
		{AD487575-E33D-4A71-854F-7F59A40120CE}.Release|Any CPU.Build.0 = Release|Any CPU
	EndGlobalSection
	GlobalSection(SolutionProperties) = preSolution
		HideSolutionNode = FALSE
	EndGlobalSection
	GlobalSection(ExtensibilityGlobals) = postSolution
		SolutionGuid = {402BCF73-F8F7-448E-BBFE-55512CD6B98D}
	EndGlobalSection
EndGlobal
